// !$*UTF8*$!
{
	archiveVersion = 1;
	classes = {
	};
	objectVersion = 48;
	objects = {

/* Begin PBXBuildFile section */
		FA27286D2063E21600DCD852 /* ListViewController.swift in Sources */ = {isa = PBXBuildFile; fileRef = FA27286C2063E21600DCD852 /* ListViewController.swift */; };
		FA4372D5207E1E0C009984A0 /* Timisoara.gpx in Resources */ = {isa = PBXBuildFile; fileRef = FA4372D4207E1E0C009984A0 /* Timisoara.gpx */; };
		FA53BB41205D3C1D00C203F9 /* AppDelegate.swift in Sources */ = {isa = PBXBuildFile; fileRef = FA53BB40205D3C1D00C203F9 /* AppDelegate.swift */; };
		FA53BB46205D3C1D00C203F9 /* Main.storyboard in Resources */ = {isa = PBXBuildFile; fileRef = FA53BB44205D3C1D00C203F9 /* Main.storyboard */; };
		FA53BB48205D3C1D00C203F9 /* Assets.xcassets in Resources */ = {isa = PBXBuildFile; fileRef = FA53BB47205D3C1D00C203F9 /* Assets.xcassets */; };
		FA53BB4B205D3C1D00C203F9 /* LaunchScreen.storyboard in Resources */ = {isa = PBXBuildFile; fileRef = FA53BB49205D3C1D00C203F9 /* LaunchScreen.storyboard */; };
		FA53BB53205D3C4E00C203F9 /* WeatherData.swift in Sources */ = {isa = PBXBuildFile; fileRef = FA53BB52205D3C4E00C203F9 /* WeatherData.swift */; };
		FA53BB55205D3DF000C203F9 /* City.swift in Sources */ = {isa = PBXBuildFile; fileRef = FA53BB54205D3DF000C203F9 /* City.swift */; };
		FA53BB57205D3F6800C203F9 /* WeatherHandler.swift in Sources */ = {isa = PBXBuildFile; fileRef = FA53BB56205D3F6800C203F9 /* WeatherHandler.swift */; };
		FAA2A71D206B106000BFB51A /* SearchViewController.swift in Sources */ = {isa = PBXBuildFile; fileRef = FAA2A71C206B106000BFB51A /* SearchViewController.swift */; };
		FAA2A721206B1A3100BFB51A /* SuggestionsTableViewCell.swift in Sources */ = {isa = PBXBuildFile; fileRef = FAA2A720206B1A3100BFB51A /* SuggestionsTableViewCell.swift */; };
		FAA2A723206D65EC00BFB51A /* DetailedCollectionViewCell.swift in Sources */ = {isa = PBXBuildFile; fileRef = FAA2A722206D65EC00BFB51A /* DetailedCollectionViewCell.swift */; };
		FAA2A725206D661900BFB51A /* DetailedViewController.swift in Sources */ = {isa = PBXBuildFile; fileRef = FAA2A724206D661900BFB51A /* DetailedViewController.swift */; };
		FAACAA3F20B0934C00B51E9D /* WeatherDataRendering.swift in Sources */ = {isa = PBXBuildFile; fileRef = FAACAA3E20B0934C00B51E9D /* WeatherDataRendering.swift */; };
		FAAECDDC20654BD500B0B484 /* ListCollectionViewCell.swift in Sources */ = {isa = PBXBuildFile; fileRef = FAAECDDB20654BD500B0B484 /* ListCollectionViewCell.swift */; };
		FAB2BD98206A930100C7F831 /* AddCityCollectionViewCell.swift in Sources */ = {isa = PBXBuildFile; fileRef = FAB2BD97206A930100C7F831 /* AddCityCollectionViewCell.swift */; };
		FAB2BD9C206AE26200C7F831 /* CityManager.swift in Sources */ = {isa = PBXBuildFile; fileRef = FAB2BD9B206AE26200C7F831 /* CityManager.swift */; };
/* End PBXBuildFile section */

/* Begin PBXFileReference section */
		FA27286C2063E21600DCD852 /* ListViewController.swift */ = {isa = PBXFileReference; lastKnownFileType = sourcecode.swift; path = ListViewController.swift; sourceTree = "<group>"; };
		FA4372D4207E1E0C009984A0 /* Timisoara.gpx */ = {isa = PBXFileReference; fileEncoding = 4; lastKnownFileType = text.xml; path = Timisoara.gpx; sourceTree = "<group>"; };
		FA53BB3D205D3C1D00C203F9 /* WeatherApp.app */ = {isa = PBXFileReference; explicitFileType = wrapper.application; includeInIndex = 0; path = WeatherApp.app; sourceTree = BUILT_PRODUCTS_DIR; };
		FA53BB40205D3C1D00C203F9 /* AppDelegate.swift */ = {isa = PBXFileReference; lastKnownFileType = sourcecode.swift; path = AppDelegate.swift; sourceTree = "<group>"; };
		FA53BB45205D3C1D00C203F9 /* Base */ = {isa = PBXFileReference; lastKnownFileType = file.storyboard; name = Base; path = Base.lproj/Main.storyboard; sourceTree = "<group>"; };
		FA53BB47205D3C1D00C203F9 /* Assets.xcassets */ = {isa = PBXFileReference; lastKnownFileType = folder.assetcatalog; path = Assets.xcassets; sourceTree = "<group>"; };
		FA53BB4A205D3C1D00C203F9 /* Base */ = {isa = PBXFileReference; lastKnownFileType = file.storyboard; name = Base; path = Base.lproj/LaunchScreen.storyboard; sourceTree = "<group>"; };
		FA53BB4C205D3C1D00C203F9 /* Info.plist */ = {isa = PBXFileReference; lastKnownFileType = text.plist.xml; path = Info.plist; sourceTree = "<group>"; };
		FA53BB52205D3C4E00C203F9 /* WeatherData.swift */ = {isa = PBXFileReference; lastKnownFileType = sourcecode.swift; path = WeatherData.swift; sourceTree = "<group>"; };
		FA53BB54205D3DF000C203F9 /* City.swift */ = {isa = PBXFileReference; lastKnownFileType = sourcecode.swift; path = City.swift; sourceTree = "<group>"; };
		FA53BB56205D3F6800C203F9 /* WeatherHandler.swift */ = {isa = PBXFileReference; lastKnownFileType = sourcecode.swift; path = WeatherHandler.swift; sourceTree = "<group>"; };
		FAA2A71C206B106000BFB51A /* SearchViewController.swift */ = {isa = PBXFileReference; lastKnownFileType = sourcecode.swift; path = SearchViewController.swift; sourceTree = "<group>"; };
		FAA2A720206B1A3100BFB51A /* SuggestionsTableViewCell.swift */ = {isa = PBXFileReference; lastKnownFileType = sourcecode.swift; path = SuggestionsTableViewCell.swift; sourceTree = "<group>"; };
		FAA2A722206D65EC00BFB51A /* DetailedCollectionViewCell.swift */ = {isa = PBXFileReference; lastKnownFileType = sourcecode.swift; path = DetailedCollectionViewCell.swift; sourceTree = "<group>"; };
		FAA2A724206D661900BFB51A /* DetailedViewController.swift */ = {isa = PBXFileReference; lastKnownFileType = sourcecode.swift; path = DetailedViewController.swift; sourceTree = "<group>"; };
		FAACAA3E20B0934C00B51E9D /* WeatherDataRendering.swift */ = {isa = PBXFileReference; lastKnownFileType = sourcecode.swift; path = WeatherDataRendering.swift; sourceTree = "<group>"; };
		FAAECDDB20654BD500B0B484 /* ListCollectionViewCell.swift */ = {isa = PBXFileReference; lastKnownFileType = sourcecode.swift; path = ListCollectionViewCell.swift; sourceTree = "<group>"; };
		FAB2BD97206A930100C7F831 /* AddCityCollectionViewCell.swift */ = {isa = PBXFileReference; lastKnownFileType = sourcecode.swift; path = AddCityCollectionViewCell.swift; sourceTree = "<group>"; };
		FAB2BD9B206AE26200C7F831 /* CityManager.swift */ = {isa = PBXFileReference; fileEncoding = 4; lastKnownFileType = sourcecode.swift; path = CityManager.swift; sourceTree = "<group>"; };
/* End PBXFileReference section */

/* Begin PBXFrameworksBuildPhase section */
		FA53BB3A205D3C1D00C203F9 /* Frameworks */ = {
			isa = PBXFrameworksBuildPhase;
			buildActionMask = 2147483647;
			files = (
			);
			runOnlyForDeploymentPostprocessing = 0;
		};
/* End PBXFrameworksBuildPhase section */

/* Begin PBXGroup section */
		FA53BB34205D3C1D00C203F9 = {
			isa = PBXGroup;
			children = (
				FA53BB3F205D3C1D00C203F9 /* WeatherApp */,
				FA53BB3E205D3C1D00C203F9 /* Products */,
			);
			sourceTree = "<group>";
		};
		FA53BB3E205D3C1D00C203F9 /* Products */ = {
			isa = PBXGroup;
			children = (
				FA53BB3D205D3C1D00C203F9 /* WeatherApp.app */,
			);
			name = Products;
			sourceTree = "<group>";
		};
		FA53BB3F205D3C1D00C203F9 /* WeatherApp */ = {
			isa = PBXGroup;
			children = (
				FAB2BD9B206AE26200C7F831 /* CityManager.swift */,
				FA53BB40205D3C1D00C203F9 /* AppDelegate.swift */,
				FA53BB44205D3C1D00C203F9 /* Main.storyboard */,
				FA27286C2063E21600DCD852 /* ListViewController.swift */,
				FAAECDDB20654BD500B0B484 /* ListCollectionViewCell.swift */,
				FAA2A724206D661900BFB51A /* DetailedViewController.swift */,
				FAA2A722206D65EC00BFB51A /* DetailedCollectionViewCell.swift */,
				FAB2BD97206A930100C7F831 /* AddCityCollectionViewCell.swift */,
				FAA2A720206B1A3100BFB51A /* SuggestionsTableViewCell.swift */,
				FA53BB54205D3DF000C203F9 /* City.swift */,
				FA53BB52205D3C4E00C203F9 /* WeatherData.swift */,
				FA53BB56205D3F6800C203F9 /* WeatherHandler.swift */,
				FAACAA3E20B0934C00B51E9D /* WeatherDataRendering.swift */,
				FAA2A71C206B106000BFB51A /* SearchViewController.swift */,
				FA4372D4207E1E0C009984A0 /* Timisoara.gpx */,
				FA53BB47205D3C1D00C203F9 /* Assets.xcassets */,
				FA53BB49205D3C1D00C203F9 /* LaunchScreen.storyboard */,
				FA53BB4C205D3C1D00C203F9 /* Info.plist */,
			);
			path = WeatherApp;
			sourceTree = "<group>";
		};
/* End PBXGroup section */

/* Begin PBXNativeTarget section */
		FA53BB3C205D3C1D00C203F9 /* WeatherApp */ = {
			isa = PBXNativeTarget;
			buildConfigurationList = FA53BB4F205D3C1D00C203F9 /* Build configuration list for PBXNativeTarget "WeatherApp" */;
			buildPhases = (
				FA53BB39205D3C1D00C203F9 /* Sources */,
				FA53BB3A205D3C1D00C203F9 /* Frameworks */,
				FA53BB3B205D3C1D00C203F9 /* Resources */,
			);
			buildRules = (
			);
			dependencies = (
			);
			name = WeatherApp;
			productName = WeatherApp;
			productReference = FA53BB3D205D3C1D00C203F9 /* WeatherApp.app */;
			productType = "com.apple.product-type.application";
		};
/* End PBXNativeTarget section */

/* Begin PBXProject section */
		FA53BB35205D3C1D00C203F9 /* Project object */ = {
			isa = PBXProject;
			attributes = {
				LastSwiftUpdateCheck = 0920;
				LastUpgradeCheck = 0930;
				ORGANIZATIONNAME = "Alex Dinu";
				TargetAttributes = {
					FA53BB3C205D3C1D00C203F9 = {
						CreatedOnToolsVersion = 9.2;
						LastSwiftMigration = 1000;
						ProvisioningStyle = Automatic;
					};
				};
			};
			buildConfigurationList = FA53BB38205D3C1D00C203F9 /* Build configuration list for PBXProject "WeatherApp" */;
			compatibilityVersion = "Xcode 8.0";
			developmentRegion = en;
			hasScannedForEncodings = 0;
			knownRegions = (
				en,
				Base,
			);
			mainGroup = FA53BB34205D3C1D00C203F9;
			productRefGroup = FA53BB3E205D3C1D00C203F9 /* Products */;
			projectDirPath = "";
			projectRoot = "";
			targets = (
				FA53BB3C205D3C1D00C203F9 /* WeatherApp */,
			);
		};
/* End PBXProject section */

/* Begin PBXResourcesBuildPhase section */
		FA53BB3B205D3C1D00C203F9 /* Resources */ = {
			isa = PBXResourcesBuildPhase;
			buildActionMask = 2147483647;
			files = (
				FA53BB4B205D3C1D00C203F9 /* LaunchScreen.storyboard in Resources */,
				FA4372D5207E1E0C009984A0 /* Timisoara.gpx in Resources */,
				FA53BB48205D3C1D00C203F9 /* Assets.xcassets in Resources */,
				FA53BB46205D3C1D00C203F9 /* Main.storyboard in Resources */,
			);
			runOnlyForDeploymentPostprocessing = 0;
		};
/* End PBXResourcesBuildPhase section */

/* Begin PBXSourcesBuildPhase section */
		FA53BB39205D3C1D00C203F9 /* Sources */ = {
			isa = PBXSourcesBuildPhase;
			buildActionMask = 2147483647;
			files = (
				FAB2BD9C206AE26200C7F831 /* CityManager.swift in Sources */,
				FAA2A721206B1A3100BFB51A /* SuggestionsTableViewCell.swift in Sources */,
				FAA2A725206D661900BFB51A /* DetailedViewController.swift in Sources */,
				FAAECDDC20654BD500B0B484 /* ListCollectionViewCell.swift in Sources */,
				FA53BB53205D3C4E00C203F9 /* WeatherData.swift in Sources */,
				FAACAA3F20B0934C00B51E9D /* WeatherDataRendering.swift in Sources */,
				FAA2A71D206B106000BFB51A /* SearchViewController.swift in Sources */,
				FA53BB57205D3F6800C203F9 /* WeatherHandler.swift in Sources */,
				FA53BB55205D3DF000C203F9 /* City.swift in Sources */,
				FA27286D2063E21600DCD852 /* ListViewController.swift in Sources */,
				FAA2A723206D65EC00BFB51A /* DetailedCollectionViewCell.swift in Sources */,
				FAB2BD98206A930100C7F831 /* AddCityCollectionViewCell.swift in Sources */,
				FA53BB41205D3C1D00C203F9 /* AppDelegate.swift in Sources */,
			);
			runOnlyForDeploymentPostprocessing = 0;
		};
/* End PBXSourcesBuildPhase section */

/* Begin PBXVariantGroup section */
		FA53BB44205D3C1D00C203F9 /* Main.storyboard */ = {
			isa = PBXVariantGroup;
			children = (
				FA53BB45205D3C1D00C203F9 /* Base */,
			);
			name = Main.storyboard;
			sourceTree = "<group>";
		};
		FA53BB49205D3C1D00C203F9 /* LaunchScreen.storyboard */ = {
			isa = PBXVariantGroup;
			children = (
				FA53BB4A205D3C1D00C203F9 /* Base */,
			);
			name = LaunchScreen.storyboard;
			sourceTree = "<group>";
		};
/* End PBXVariantGroup section */

/* Begin XCBuildConfiguration section */
		FA53BB4D205D3C1D00C203F9 /* Debug */ = {
			isa = XCBuildConfiguration;
			buildSettings = {
				ALWAYS_SEARCH_USER_PATHS = NO;
				CLANG_ANALYZER_NONNULL = YES;
				CLANG_ANALYZER_NUMBER_OBJECT_CONVERSION = YES_AGGRESSIVE;
				CLANG_CXX_LANGUAGE_STANDARD = "gnu++14";
				CLANG_CXX_LIBRARY = "libc++";
				CLANG_ENABLE_MODULES = YES;
				CLANG_ENABLE_OBJC_ARC = YES;
				CLANG_WARN_BLOCK_CAPTURE_AUTORELEASING = YES;
				CLANG_WARN_BOOL_CONVERSION = YES;
				CLANG_WARN_COMMA = YES;
				CLANG_WARN_CONSTANT_CONVERSION = YES;
				CLANG_WARN_DEPRECATED_OBJC_IMPLEMENTATIONS = YES;
				CLANG_WARN_DIRECT_OBJC_ISA_USAGE = YES_ERROR;
				CLANG_WARN_DOCUMENTATION_COMMENTS = YES;
				CLANG_WARN_EMPTY_BODY = YES;
				CLANG_WARN_ENUM_CONVERSION = YES;
				CLANG_WARN_INFINITE_RECURSION = YES;
				CLANG_WARN_INT_CONVERSION = YES;
				CLANG_WARN_NON_LITERAL_NULL_CONVERSION = YES;
				CLANG_WARN_OBJC_IMPLICIT_RETAIN_SELF = YES;
				CLANG_WARN_OBJC_LITERAL_CONVERSION = YES;
				CLANG_WARN_OBJC_ROOT_CLASS = YES_ERROR;
				CLANG_WARN_RANGE_LOOP_ANALYSIS = YES;
				CLANG_WARN_STRICT_PROTOTYPES = YES;
				CLANG_WARN_SUSPICIOUS_MOVE = YES;
				CLANG_WARN_UNGUARDED_AVAILABILITY = YES_AGGRESSIVE;
				CLANG_WARN_UNREACHABLE_CODE = YES;
				CLANG_WARN__DUPLICATE_METHOD_MATCH = YES;
				CODE_SIGN_IDENTITY = "iPhone Developer";
				COPY_PHASE_STRIP = NO;
				DEBUG_INFORMATION_FORMAT = dwarf;
				ENABLE_STRICT_OBJC_MSGSEND = YES;
				ENABLE_TESTABILITY = YES;
				GCC_C_LANGUAGE_STANDARD = gnu11;
				GCC_DYNAMIC_NO_PIC = NO;
				GCC_NO_COMMON_BLOCKS = YES;
				GCC_OPTIMIZATION_LEVEL = 0;
				GCC_PREPROCESSOR_DEFINITIONS = (
					"DEBUG=1",
					"$(inherited)",
				);
				GCC_WARN_64_TO_32_BIT_CONVERSION = YES;
				GCC_WARN_ABOUT_RETURN_TYPE = YES_ERROR;
				GCC_WARN_UNDECLARED_SELECTOR = YES;
				GCC_WARN_UNINITIALIZED_AUTOS = YES_AGGRESSIVE;
				GCC_WARN_UNUSED_FUNCTION = YES;
				GCC_WARN_UNUSED_VARIABLE = YES;
				IPHONEOS_DEPLOYMENT_TARGET = 12.0;
				MTL_ENABLE_DEBUG_INFO = YES;
				ONLY_ACTIVE_ARCH = YES;
				SDKROOT = iphoneos;
				SWIFT_ACTIVE_COMPILATION_CONDITIONS = DEBUG;
				SWIFT_OPTIMIZATION_LEVEL = "-Onone";
			};
			name = Debug;
		};
		FA53BB4E205D3C1D00C203F9 /* Release */ = {
			isa = XCBuildConfiguration;
			buildSettings = {
				ALWAYS_SEARCH_USER_PATHS = NO;
				CLANG_ANALYZER_NONNULL = YES;
				CLANG_ANALYZER_NUMBER_OBJECT_CONVERSION = YES_AGGRESSIVE;
				CLANG_CXX_LANGUAGE_STANDARD = "gnu++14";
				CLANG_CXX_LIBRARY = "libc++";
				CLANG_ENABLE_MODULES = YES;
				CLANG_ENABLE_OBJC_ARC = YES;
				CLANG_WARN_BLOCK_CAPTURE_AUTORELEASING = YES;
				CLANG_WARN_BOOL_CONVERSION = YES;
				CLANG_WARN_COMMA = YES;
				CLANG_WARN_CONSTANT_CONVERSION = YES;
				CLANG_WARN_DEPRECATED_OBJC_IMPLEMENTATIONS = YES;
				CLANG_WARN_DIRECT_OBJC_ISA_USAGE = YES_ERROR;
				CLANG_WARN_DOCUMENTATION_COMMENTS = YES;
				CLANG_WARN_EMPTY_BODY = YES;
				CLANG_WARN_ENUM_CONVERSION = YES;
				CLANG_WARN_INFINITE_RECURSION = YES;
				CLANG_WARN_INT_CONVERSION = YES;
				CLANG_WARN_NON_LITERAL_NULL_CONVERSION = YES;
				CLANG_WARN_OBJC_IMPLICIT_RETAIN_SELF = YES;
				CLANG_WARN_OBJC_LITERAL_CONVERSION = YES;
				CLANG_WARN_OBJC_ROOT_CLASS = YES_ERROR;
				CLANG_WARN_RANGE_LOOP_ANALYSIS = YES;
				CLANG_WARN_STRICT_PROTOTYPES = YES;
				CLANG_WARN_SUSPICIOUS_MOVE = YES;
				CLANG_WARN_UNGUARDED_AVAILABILITY = YES_AGGRESSIVE;
				CLANG_WARN_UNREACHABLE_CODE = YES;
				CLANG_WARN__DUPLICATE_METHOD_MATCH = YES;
				CODE_SIGN_IDENTITY = "iPhone Developer";
				COPY_PHASE_STRIP = NO;
				DEBUG_INFORMATION_FORMAT = "dwarf-with-dsym";
				ENABLE_NS_ASSERTIONS = NO;
				ENABLE_STRICT_OBJC_MSGSEND = YES;
				GCC_C_LANGUAGE_STANDARD = gnu11;
				GCC_NO_COMMON_BLOCKS = YES;
				GCC_WARN_64_TO_32_BIT_CONVERSION = YES;
				GCC_WARN_ABOUT_RETURN_TYPE = YES_ERROR;
				GCC_WARN_UNDECLARED_SELECTOR = YES;
				GCC_WARN_UNINITIALIZED_AUTOS = YES_AGGRESSIVE;
				GCC_WARN_UNUSED_FUNCTION = YES;
				GCC_WARN_UNUSED_VARIABLE = YES;
				IPHONEOS_DEPLOYMENT_TARGET = 12.0;
				MTL_ENABLE_DEBUG_INFO = NO;
				SDKROOT = iphoneos;
				SWIFT_OPTIMIZATION_LEVEL = "-Owholemodule";
				VALIDATE_PRODUCT = YES;
			};
			name = Release;
		};
		FA53BB50205D3C1D00C203F9 /* Debug */ = {
			isa = XCBuildConfiguration;
			buildSettings = {
				ASSETCATALOG_COMPILER_APPICON_NAME = AppIcon;
				CODE_SIGN_STYLE = Automatic;
				DEVELOPMENT_TEAM = 698TVW8FZG;
				INFOPLIST_FILE = WeatherApp/Info.plist;
				LD_RUNPATH_SEARCH_PATHS = "$(inherited) @executable_path/Frameworks";
				PRODUCT_BUNDLE_IDENTIFIER = Learn.WeatherApp;
				PRODUCT_NAME = "$(TARGET_NAME)";
				SWIFT_VERSION = 4.2;
				TARGETED_DEVICE_FAMILY = "1,2";
			};
			name = Debug;
		};
		FA53BB51205D3C1D00C203F9 /* Release */ = {
			isa = XCBuildConfiguration;
			buildSettings = {
				ASSETCATALOG_COMPILER_APPICON_NAME = AppIcon;
				CODE_SIGN_STYLE = Automatic;
				DEVELOPMENT_TEAM = 698TVW8FZG;
				INFOPLIST_FILE = WeatherApp/Info.plist;
				LD_RUNPATH_SEARCH_PATHS = "$(inherited) @executable_path/Frameworks";
				PRODUCT_BUNDLE_IDENTIFIER = Learn.WeatherApp;
				PRODUCT_NAME = "$(TARGET_NAME)";
				SWIFT_VERSION = 4.2;
				TARGETED_DEVICE_FAMILY = "1,2";
			};
			name = Release;
		};
/* End XCBuildConfiguration section */

/* Begin XCConfigurationList section */
		FA53BB38205D3C1D00C203F9 /* Build configuration list for PBXProject "WeatherApp" */ = {
			isa = XCConfigurationList;
			buildConfigurations = (
				FA53BB4D205D3C1D00C203F9 /* Debug */,
				FA53BB4E205D3C1D00C203F9 /* Release */,
			);
			defaultConfigurationIsVisible = 0;
			defaultConfigurationName = Release;
		};
		FA53BB4F205D3C1D00C203F9 /* Build configuration list for PBXNativeTarget "WeatherApp" */ = {
			isa = XCConfigurationList;
			buildConfigurations = (
				FA53BB50205D3C1D00C203F9 /* Debug */,
				FA53BB51205D3C1D00C203F9 /* Release */,
			);
			defaultConfigurationIsVisible = 0;
			defaultConfigurationName = Release;
		};
/* End XCConfigurationList section */
	};
	rootObject = FA53BB35205D3C1D00C203F9 /* Project object */;
}
